
Microsoft Visual Studio Solution File, Format Version 12.00
# Visual Studio 15
VisualStudioVersion = 15.0.28010.2016
MinimumVisualStudioVersion = 10.0.40219.1
Project("{8BC9CEB8-8B4A-11D0-8D11-00A0C91BC942}") = "Project4", "Project4\Project4.vcxproj", "{D7B40640-CA31-4979-BF0F-3D5E9C103B45}"
EndProject
Global
	GlobalSection(SolutionConfigurationPlatforms) = preSolution
		Debug|x64 = Debug|x64
		Debug|x86 = Debug|x86
		Release|x64 = Release|x64
		Release|x86 = Release|x86
	EndGlobalSection
	GlobalSection(ProjectConfigurationPlatforms) = postSolution
		{D7B40640-CA31-4979-BF0F-3D5E9C103B45}.Debug|x64.ActiveCfg = Debug|x64
		{D7B40640-CA31-4979-BF0F-3D5E9C103B45}.Debug|x64.Build.0 = Debug|x64
		{D7B40640-CA31-4979-BF0F-3D5E9C103B45}.Debug|x86.ActiveCfg = Debug|Win32
		{D7B40640-CA31-4979-BF0F-3D5E9C103B45}.Debug|x86.Build.0 = Debug|Win32
		{D7B40640-CA31-4979-BF0F-3D5E9C103B45}.Release|x64.ActiveCfg = Release|x64
		{D7B40640-CA31-4979-BF0F-3D5E9C103B45}.Release|x64.Build.0 = Release|x64
		{D7B40640-CA31-4979-BF0F-3D5E9C103B45}.Release|x86.ActiveCfg = Release|Win32
		{D7B40640-CA31-4979-BF0F-3D5E9C103B45}.Release|x86.Build.0 = Release|Win32
	EndGlobalSection
	GlobalSection(SolutionProperties) = preSolution
		HideSolutionNode = FALSE
	EndGlobalSection
	GlobalSection(ExtensibilityGlobals) = postSolution
		SolutionGuid = {B252EA9B-8AD9-4D4B-AB8B-A07A86B4FF1C}
	EndGlobalSection
EndGlobal
